# THIS IS AN AUTOGENERATED FILE. DO NOT EDIT THIS FILE DIRECTLY.
# yarn lockfile v1


reactjs-mappletooltip@^1.4.63:
  version "1.4.63"
  resolved "https://registry.yarnpkg.com/reactjs-mappletooltip/-/reactjs-mappletooltip-1.4.63.tgz#71ec049763aa5eb1725fafdd98d6dcb63bf2c936"
  integrity sha1-cewEl2OqXrFyX6/dmNbctjvyyTY=
